// !$*UTF8*$!
{
	archiveVersion = 1;
	classes = {
	};
	objectVersion = 55;
	objects = {

/* Begin PBXBuildFile section */
		A7B8A21A272E92F2008F7B38 /* main.swift in Sources */ = {isa = PBXBuildFile; fileRef = A7B8A219272E92F2008F7B38 /* main.swift */; };
		A7B8A222272E94A5008F7B38 /* TestRunnerStructs.swift in Sources */ = {isa = PBXBuildFile; fileRef = A7B8A221272E94A5008F7B38 /* TestRunnerStructs.swift */; };
		A7B8A224272E95DA008F7B38 /* TestRunnerClasses.swift in Sources */ = {isa = PBXBuildFile; fileRef = A7B8A223272E95DA008F7B38 /* TestRunnerClasses.swift */; };
		A7B8A229272E97DA008F7B38 /* TestRunnerCpp.cpp in Sources */ = {isa = PBXBuildFile; fileRef = A7B8A227272E97DA008F7B38 /* TestRunnerCpp.cpp */; };
		A7B8A22F272E9E78008F7B38 /* TestRunnerC.c in Sources */ = {isa = PBXBuildFile; fileRef = A7B8A22E272E9E78008F7B38 /* TestRunnerC.c */; };
		A7B8A23C272EA051008F7B38 /* family.c in Sources */ = {isa = PBXBuildFile; fileRef = A7B8A239272EA051008F7B38 /* family.c */; };
		A7B8A23D272EA051008F7B38 /* person.c in Sources */ = {isa = PBXBuildFile; fileRef = A7B8A23B272EA051008F7B38 /* person.c */; };
/* End PBXBuildFile section */

/* Begin PBXCopyFilesBuildPhase section */
		A7B8A214272E92F2008F7B38 /* CopyFiles */ = {
			isa = PBXCopyFilesBuildPhase;
			buildActionMask = 2147483647;
			dstPath = /usr/share/man/man1/;
			dstSubfolderSpec = 0;
			files = (
			);
			runOnlyForDeploymentPostprocessing = 1;
		};
/* End PBXCopyFilesBuildPhase section */

/* Begin PBXFileReference section */
		A7B8A216272E92F2008F7B38 /* FamilyDBSpeedComparison */ = {isa = PBXFileReference; explicitFileType = "compiled.mach-o.executable"; includeInIndex = 0; path = FamilyDBSpeedComparison; sourceTree = BUILT_PRODUCTS_DIR; };
		A7B8A219272E92F2008F7B38 /* main.swift */ = {isa = PBXFileReference; lastKnownFileType = sourcecode.swift; path = main.swift; sourceTree = "<group>"; };
		A7B8A221272E94A5008F7B38 /* TestRunnerStructs.swift */ = {isa = PBXFileReference; lastKnownFileType = sourcecode.swift; path = TestRunnerStructs.swift; sourceTree = "<group>"; };
		A7B8A223272E95DA008F7B38 /* TestRunnerClasses.swift */ = {isa = PBXFileReference; lastKnownFileType = sourcecode.swift; path = TestRunnerClasses.swift; sourceTree = "<group>"; };
		A7B8A226272E97DA008F7B38 /* FamilyDBSpeedComparison-Bridging-Header.h */ = {isa = PBXFileReference; lastKnownFileType = sourcecode.c.h; path = "FamilyDBSpeedComparison-Bridging-Header.h"; sourceTree = "<group>"; };
		A7B8A227272E97DA008F7B38 /* TestRunnerCpp.cpp */ = {isa = PBXFileReference; lastKnownFileType = sourcecode.cpp.cpp; path = TestRunnerCpp.cpp; sourceTree = "<group>"; };
		A7B8A228272E97DA008F7B38 /* TestRunnerCpp.h */ = {isa = PBXFileReference; lastKnownFileType = sourcecode.c.h; path = TestRunnerCpp.h; sourceTree = "<group>"; };
		A7B8A22D272E9E78008F7B38 /* TestRunnerC.h */ = {isa = PBXFileReference; lastKnownFileType = sourcecode.c.h; path = TestRunnerC.h; sourceTree = "<group>"; };
		A7B8A22E272E9E78008F7B38 /* TestRunnerC.c */ = {isa = PBXFileReference; lastKnownFileType = sourcecode.c.c; path = TestRunnerC.c; sourceTree = "<group>"; };
		A7B8A237272EA02B008F7B38 /* address.h */ = {isa = PBXFileReference; lastKnownFileType = sourcecode.c.h; path = address.h; sourceTree = "<group>"; };
		A7B8A238272EA051008F7B38 /* person.h */ = {isa = PBXFileReference; fileEncoding = 4; lastKnownFileType = sourcecode.c.h; path = person.h; sourceTree = "<group>"; };
		A7B8A239272EA051008F7B38 /* family.c */ = {isa = PBXFileReference; fileEncoding = 4; lastKnownFileType = sourcecode.c.c; path = family.c; sourceTree = "<group>"; };
		A7B8A23A272EA051008F7B38 /* family.h */ = {isa = PBXFileReference; fileEncoding = 4; lastKnownFileType = sourcecode.c.h; path = family.h; sourceTree = "<group>"; };
		A7B8A23B272EA051008F7B38 /* person.c */ = {isa = PBXFileReference; fileEncoding = 4; lastKnownFileType = sourcecode.c.c; path = person.c; sourceTree = "<group>"; };
/* End PBXFileReference section */

/* Begin PBXFrameworksBuildPhase section */
		A7B8A213272E92F2008F7B38 /* Frameworks */ = {
			isa = PBXFrameworksBuildPhase;
			buildActionMask = 2147483647;
			files = (
			);
			runOnlyForDeploymentPostprocessing = 0;
		};
/* End PBXFrameworksBuildPhase section */

/* Begin PBXGroup section */
		A7B8A20D272E92F2008F7B38 = {
			isa = PBXGroup;
			children = (
				A7B8A218272E92F2008F7B38 /* FamilyDBSpeedComparison */,
				A7B8A217272E92F2008F7B38 /* Products */,
			);
			sourceTree = "<group>";
		};
		A7B8A217272E92F2008F7B38 /* Products */ = {
			isa = PBXGroup;
			children = (
				A7B8A216272E92F2008F7B38 /* FamilyDBSpeedComparison */,
			);
			name = Products;
			sourceTree = "<group>";
		};
		A7B8A218272E92F2008F7B38 /* FamilyDBSpeedComparison */ = {
			isa = PBXGroup;
			children = (
				A7B8A226272E97DA008F7B38 /* FamilyDBSpeedComparison-Bridging-Header.h */,
				A7B8A22A272E9E46008F7B38 /* C */,
				A7B8A225272E97CA008F7B38 /* Cpp */,
				A7B8A220272E9491008F7B38 /* Swift */,
				A7B8A219272E92F2008F7B38 /* main.swift */,
			);
			path = FamilyDBSpeedComparison;
			sourceTree = "<group>";
		};
		A7B8A220272E9491008F7B38 /* Swift */ = {
			isa = PBXGroup;
			children = (
				A7B8A221272E94A5008F7B38 /* TestRunnerStructs.swift */,
				A7B8A223272E95DA008F7B38 /* TestRunnerClasses.swift */,
			);
			path = Swift;
			sourceTree = "<group>";
		};
		A7B8A225272E97CA008F7B38 /* Cpp */ = {
			isa = PBXGroup;
			children = (
				A7B8A227272E97DA008F7B38 /* TestRunnerCpp.cpp */,
				A7B8A228272E97DA008F7B38 /* TestRunnerCpp.h */,
			);
			path = Cpp;
			sourceTree = "<group>";
		};
		A7B8A22A272E9E46008F7B38 /* C */ = {
			isa = PBXGroup;
			children = (
				A7B8A233272EA012008F7B38 /* address */,
				A7B8A22D272E9E78008F7B38 /* TestRunnerC.h */,
				A7B8A22E272E9E78008F7B38 /* TestRunnerC.c */,
				A7B8A237272EA02B008F7B38 /* address.h */,
			);
			path = C;
			sourceTree = "<group>";
		};
		A7B8A233272EA012008F7B38 /* address */ = {
			isa = PBXGroup;
			children = (
				A7B8A239272EA051008F7B38 /* family.c */,
				A7B8A23A272EA051008F7B38 /* family.h */,
				A7B8A23B272EA051008F7B38 /* person.c */,
				A7B8A238272EA051008F7B38 /* person.h */,
			);
			path = address;
			sourceTree = "<group>";
		};
/* End PBXGroup section */

/* Begin PBXNativeTarget section */
		A7B8A215272E92F2008F7B38 /* FamilyDBSpeedComparison */ = {
			isa = PBXNativeTarget;
			buildConfigurationList = A7B8A21D272E92F2008F7B38 /* Build configuration list for PBXNativeTarget "FamilyDBSpeedComparison" */;
			buildPhases = (
				A7B8A212272E92F2008F7B38 /* Sources */,
				A7B8A213272E92F2008F7B38 /* Frameworks */,
				A7B8A214272E92F2008F7B38 /* CopyFiles */,
			);
			buildRules = (
			);
			dependencies = (
			);
			name = FamilyDBSpeedComparison;
			productName = FamilyDBSpeedComparison;
			productReference = A7B8A216272E92F2008F7B38 /* FamilyDBSpeedComparison */;
			productType = "com.apple.product-type.tool";
		};
/* End PBXNativeTarget section */

/* Begin PBXProject section */
		A7B8A20E272E92F2008F7B38 /* Project object */ = {
			isa = PBXProject;
			attributes = {
				BuildIndependentTargetsInParallel = 1;
				LastSwiftUpdateCheck = 1310;
				LastUpgradeCheck = 1310;
				TargetAttributes = {
					A7B8A215272E92F2008F7B38 = {
						CreatedOnToolsVersion = 13.1;
						LastSwiftMigration = 1310;
					};
				};
			};
			buildConfigurationList = A7B8A211272E92F2008F7B38 /* Build configuration list for PBXProject "FamilyDBSpeedComparison" */;
			compatibilityVersion = "Xcode 13.0";
			developmentRegion = en;
			hasScannedForEncodings = 0;
			knownRegions = (
				en,
				Base,
			);
			mainGroup = A7B8A20D272E92F2008F7B38;
			productRefGroup = A7B8A217272E92F2008F7B38 /* Products */;
			projectDirPath = "";
			projectRoot = "";
			targets = (
				A7B8A215272E92F2008F7B38 /* FamilyDBSpeedComparison */,
			);
		};
/* End PBXProject section */

/* Begin PBXSourcesBuildPhase section */
		A7B8A212272E92F2008F7B38 /* Sources */ = {
			isa = PBXSourcesBuildPhase;
			buildActionMask = 2147483647;
			files = (
				A7B8A222272E94A5008F7B38 /* TestRunnerStructs.swift in Sources */,
				A7B8A23C272EA051008F7B38 /* family.c in Sources */,
				A7B8A21A272E92F2008F7B38 /* main.swift in Sources */,
				A7B8A22F272E9E78008F7B38 /* TestRunnerC.c in Sources */,
				A7B8A23D272EA051008F7B38 /* person.c in Sources */,
				A7B8A224272E95DA008F7B38 /* TestRunnerClasses.swift in Sources */,
				A7B8A229272E97DA008F7B38 /* TestRunnerCpp.cpp in Sources */,
			);
			runOnlyForDeploymentPostprocessing = 0;
		};
/* End PBXSourcesBuildPhase section */

/* Begin XCBuildConfiguration section */
		A7B8A21B272E92F2008F7B38 /* Debug */ = {
			isa = XCBuildConfiguration;
			buildSettings = {
				ALWAYS_SEARCH_USER_PATHS = NO;
				CLANG_ANALYZER_NONNULL = YES;
				CLANG_ANALYZER_NUMBER_OBJECT_CONVERSION = YES_AGGRESSIVE;
				CLANG_CXX_LANGUAGE_STANDARD = "gnu++17";
				CLANG_CXX_LIBRARY = "libc++";
				CLANG_ENABLE_MODULES = YES;
				CLANG_ENABLE_OBJC_ARC = YES;
				CLANG_ENABLE_OBJC_WEAK = YES;
				CLANG_WARN_BLOCK_CAPTURE_AUTORELEASING = YES;
				CLANG_WARN_BOOL_CONVERSION = YES;
				CLANG_WARN_COMMA = YES;
				CLANG_WARN_CONSTANT_CONVERSION = YES;
				CLANG_WARN_DEPRECATED_OBJC_IMPLEMENTATIONS = YES;
				CLANG_WARN_DIRECT_OBJC_ISA_USAGE = YES_ERROR;
				CLANG_WARN_DOCUMENTATION_COMMENTS = YES;
				CLANG_WARN_EMPTY_BODY = YES;
				CLANG_WARN_ENUM_CONVERSION = YES;
				CLANG_WARN_INFINITE_RECURSION = YES;
				CLANG_WARN_INT_CONVERSION = YES;
				CLANG_WARN_NON_LITERAL_NULL_CONVERSION = YES;
				CLANG_WARN_OBJC_IMPLICIT_RETAIN_SELF = YES;
				CLANG_WARN_OBJC_LITERAL_CONVERSION = YES;
				CLANG_WARN_OBJC_ROOT_CLASS = YES_ERROR;
				CLANG_WARN_QUOTED_INCLUDE_IN_FRAMEWORK_HEADER = YES;
				CLANG_WARN_RANGE_LOOP_ANALYSIS = YES;
				CLANG_WARN_STRICT_PROTOTYPES = YES;
				CLANG_WARN_SUSPICIOUS_MOVE = YES;
				CLANG_WARN_UNGUARDED_AVAILABILITY = YES_AGGRESSIVE;
				CLANG_WARN_UNREACHABLE_CODE = YES;
				CLANG_WARN__DUPLICATE_METHOD_MATCH = YES;
				COPY_PHASE_STRIP = NO;
				DEBUG_INFORMATION_FORMAT = dwarf;
				ENABLE_STRICT_OBJC_MSGSEND = YES;
				ENABLE_TESTABILITY = YES;
				GCC_C_LANGUAGE_STANDARD = gnu11;
				GCC_DYNAMIC_NO_PIC = NO;
				GCC_NO_COMMON_BLOCKS = YES;
				GCC_OPTIMIZATION_LEVEL = 0;
				GCC_PREPROCESSOR_DEFINITIONS = (
					"DEBUG=1",
					"$(inherited)",
				);
				GCC_WARN_64_TO_32_BIT_CONVERSION = YES;
				GCC_WARN_ABOUT_RETURN_TYPE = YES_ERROR;
				GCC_WARN_UNDECLARED_SELECTOR = YES;
				GCC_WARN_UNINITIALIZED_AUTOS = YES_AGGRESSIVE;
				GCC_WARN_UNUSED_FUNCTION = YES;
				GCC_WARN_UNUSED_VARIABLE = YES;
				MACOSX_DEPLOYMENT_TARGET = 12.0;
				MTL_ENABLE_DEBUG_INFO = INCLUDE_SOURCE;
				MTL_FAST_MATH = YES;
				ONLY_ACTIVE_ARCH = YES;
				SDKROOT = macosx;
				SWIFT_ACTIVE_COMPILATION_CONDITIONS = DEBUG;
				SWIFT_OPTIMIZATION_LEVEL = "-Onone";
			};
			name = Debug;
		};
		A7B8A21C272E92F2008F7B38 /* Release */ = {
			isa = XCBuildConfiguration;
			buildSettings = {
				ALWAYS_SEARCH_USER_PATHS = NO;
				CLANG_ANALYZER_NONNULL = YES;
				CLANG_ANALYZER_NUMBER_OBJECT_CONVERSION = YES_AGGRESSIVE;
				CLANG_CXX_LANGUAGE_STANDARD = "gnu++17";
				CLANG_CXX_LIBRARY = "libc++";
				CLANG_ENABLE_MODULES = YES;
				CLANG_ENABLE_OBJC_ARC = YES;
				CLANG_ENABLE_OBJC_WEAK = YES;
				CLANG_WARN_BLOCK_CAPTURE_AUTORELEASING = YES;
				CLANG_WARN_BOOL_CONVERSION = YES;
				CLANG_WARN_COMMA = YES;
				CLANG_WARN_CONSTANT_CONVERSION = YES;
				CLANG_WARN_DEPRECATED_OBJC_IMPLEMENTATIONS = YES;
				CLANG_WARN_DIRECT_OBJC_ISA_USAGE = YES_ERROR;
				CLANG_WARN_DOCUMENTATION_COMMENTS = YES;
				CLANG_WARN_EMPTY_BODY = YES;
				CLANG_WARN_ENUM_CONVERSION = YES;
				CLANG_WARN_INFINITE_RECURSION = YES;
				CLANG_WARN_INT_CONVERSION = YES;
				CLANG_WARN_NON_LITERAL_NULL_CONVERSION = YES;
				CLANG_WARN_OBJC_IMPLICIT_RETAIN_SELF = YES;
				CLANG_WARN_OBJC_LITERAL_CONVERSION = YES;
				CLANG_WARN_OBJC_ROOT_CLASS = YES_ERROR;
				CLANG_WARN_QUOTED_INCLUDE_IN_FRAMEWORK_HEADER = YES;
				CLANG_WARN_RANGE_LOOP_ANALYSIS = YES;
				CLANG_WARN_STRICT_PROTOTYPES = YES;
				CLANG_WARN_SUSPICIOUS_MOVE = YES;
				CLANG_WARN_UNGUARDED_AVAILABILITY = YES_AGGRESSIVE;
				CLANG_WARN_UNREACHABLE_CODE = YES;
				CLANG_WARN__DUPLICATE_METHOD_MATCH = YES;
				COPY_PHASE_STRIP = NO;
				DEBUG_INFORMATION_FORMAT = "dwarf-with-dsym";
				ENABLE_NS_ASSERTIONS = NO;
				ENABLE_STRICT_OBJC_MSGSEND = YES;
				GCC_C_LANGUAGE_STANDARD = gnu11;
				GCC_NO_COMMON_BLOCKS = YES;
				GCC_WARN_64_TO_32_BIT_CONVERSION = YES;
				GCC_WARN_ABOUT_RETURN_TYPE = YES_ERROR;
				GCC_WARN_UNDECLARED_SELECTOR = YES;
				GCC_WARN_UNINITIALIZED_AUTOS = YES_AGGRESSIVE;
				GCC_WARN_UNUSED_FUNCTION = YES;
				GCC_WARN_UNUSED_VARIABLE = YES;
				MACOSX_DEPLOYMENT_TARGET = 12.0;
				MTL_ENABLE_DEBUG_INFO = NO;
				MTL_FAST_MATH = YES;
				SDKROOT = macosx;
				SWIFT_COMPILATION_MODE = wholemodule;
				SWIFT_OPTIMIZATION_LEVEL = "-O";
			};
			name = Release;
		};
		A7B8A21E272E92F2008F7B38 /* Debug */ = {
			isa = XCBuildConfiguration;
			buildSettings = {
				CLANG_CXX_LANGUAGE_STANDARD = "c++20";
				CLANG_ENABLE_MODULES = YES;
				CODE_SIGN_STYLE = Automatic;
				DEVELOPMENT_TEAM = AWJ83G3EPY;
				ENABLE_HARDENED_RUNTIME = YES;
				LD_RUNPATH_SEARCH_PATHS = (
					"$(inherited)",
					"@executable_path/../Frameworks",
					"@loader_path/../Frameworks",
				);
				PRODUCT_NAME = "$(TARGET_NAME)";
				SWIFT_OBJC_BRIDGING_HEADER = "FamilyDBSpeedComparison/FamilyDBSpeedComparison-Bridging-Header.h";
				SWIFT_OPTIMIZATION_LEVEL = "-Onone";
				SWIFT_VERSION = 5.0;
			};
			name = Debug;
		};
		A7B8A21F272E92F2008F7B38 /* Release */ = {
			isa = XCBuildConfiguration;
			buildSettings = {
				CLANG_CXX_LANGUAGE_STANDARD = "c++20";
				CLANG_ENABLE_MODULES = YES;
				CODE_SIGN_STYLE = Automatic;
				DEVELOPMENT_TEAM = AWJ83G3EPY;
				ENABLE_HARDENED_RUNTIME = YES;
				LD_RUNPATH_SEARCH_PATHS = (
					"$(inherited)",
					"@executable_path/../Frameworks",
					"@loader_path/../Frameworks",
				);
				PRODUCT_NAME = "$(TARGET_NAME)";
				SWIFT_OBJC_BRIDGING_HEADER = "FamilyDBSpeedComparison/FamilyDBSpeedComparison-Bridging-Header.h";
				SWIFT_VERSION = 5.0;
			};
			name = Release;
		};
/* End XCBuildConfiguration section */

/* Begin XCConfigurationList section */
		A7B8A211272E92F2008F7B38 /* Build configuration list for PBXProject "FamilyDBSpeedComparison" */ = {
			isa = XCConfigurationList;
			buildConfigurations = (
				A7B8A21B272E92F2008F7B38 /* Debug */,
				A7B8A21C272E92F2008F7B38 /* Release */,
			);
			defaultConfigurationIsVisible = 0;
			defaultConfigurationName = Release;
		};
		A7B8A21D272E92F2008F7B38 /* Build configuration list for PBXNativeTarget "FamilyDBSpeedComparison" */ = {
			isa = XCConfigurationList;
			buildConfigurations = (
				A7B8A21E272E92F2008F7B38 /* Debug */,
				A7B8A21F272E92F2008F7B38 /* Release */,
			);
			defaultConfigurationIsVisible = 0;
			defaultConfigurationName = Release;
		};
/* End XCConfigurationList section */
	};
	rootObject = A7B8A20E272E92F2008F7B38 /* Project object */;
}
